
Microsoft Visual Studio Solution File, Format Version 12.00
# Visual Studio Version 17
VisualStudioVersion = 17.14.36414.22 d17.14
MinimumVisualStudioVersion = 10.0.40219.1
Project("{FAE04EC0-301F-11D3-BF4B-00C04F79EFBC}") = "Movies.API", "Movies.API\Movies.API.csproj", "{A9BFEEBA-67C7-4A96-8326-932F7FCACEF4}"
EndProject
Project("{FAE04EC0-301F-11D3-BF4B-00C04F79EFBC}") = "IdentityServer", "IdentityServer\IdentityServer.csproj", "{B8B4630F-07CA-426F-86DD-80EBE6BB2E87}"
EndProject
Global
	GlobalSection(SolutionConfigurationPlatforms) = preSolution
		Debug|Any CPU = Debug|Any CPU
		Release|Any CPU = Release|Any CPU
	EndGlobalSection
	GlobalSection(ProjectConfigurationPlatforms) = postSolution
		{A9BFEEBA-67C7-4A96-8326-932F7FCACEF4}.Debug|Any CPU.ActiveCfg = Debug|Any CPU
		{A9BFEEBA-67C7-4A96-8326-932F7FCACEF4}.Debug|Any CPU.Build.0 = Debug|Any CPU
		{A9BFEEBA-67C7-4A96-8326-932F7FCACEF4}.Release|Any CPU.ActiveCfg = Release|Any CPU
		{A9BFEEBA-67C7-4A96-8326-932F7FCACEF4}.Release|Any CPU.Build.0 = Release|Any CPU
		{B8B4630F-07CA-426F-86DD-80EBE6BB2E87}.Debug|Any CPU.ActiveCfg = Debug|Any CPU
		{B8B4630F-07CA-426F-86DD-80EBE6BB2E87}.Debug|Any CPU.Build.0 = Debug|Any CPU
		{B8B4630F-07CA-426F-86DD-80EBE6BB2E87}.Release|Any CPU.ActiveCfg = Release|Any CPU
		{B8B4630F-07CA-426F-86DD-80EBE6BB2E87}.Release|Any CPU.Build.0 = Release|Any CPU
	EndGlobalSection
	GlobalSection(SolutionProperties) = preSolution
		HideSolutionNode = FALSE
	EndGlobalSection
	GlobalSection(ExtensibilityGlobals) = postSolution
		SolutionGuid = {82CD0F69-8D5E-4E5B-9C37-B3B1BAEA8ECD}
	EndGlobalSection
EndGlobal
