
Microsoft Visual Studio Solution File, Format Version 12.00
# Visual Studio Version 17
VisualStudioVersion = 17.14.36414.22 d17.14
MinimumVisualStudioVersion = 10.0.40219.1
Project("{FAE04EC0-301F-11D3-BF4B-00C04F79EFBC}") = "RabbitMQ", "RabbitMQ.csproj", "{82F34F82-5C57-4A89-B066-616F601E90B1}"
EndProject
Global
	GlobalSection(SolutionConfigurationPlatforms) = preSolution
		Debug|Any CPU = Debug|Any CPU
		Release|Any CPU = Release|Any CPU
	EndGlobalSection
	GlobalSection(ProjectConfigurationPlatforms) = postSolution
		{82F34F82-5C57-4A89-B066-616F601E90B1}.Debug|Any CPU.ActiveCfg = Debug|Any CPU
		{82F34F82-5C57-4A89-B066-616F601E90B1}.Debug|Any CPU.Build.0 = Debug|Any CPU
		{82F34F82-5C57-4A89-B066-616F601E90B1}.Release|Any CPU.ActiveCfg = Release|Any CPU
		{82F34F82-5C57-4A89-B066-616F601E90B1}.Release|Any CPU.Build.0 = Release|Any CPU
	EndGlobalSection
	GlobalSection(SolutionProperties) = preSolution
		HideSolutionNode = FALSE
	EndGlobalSection
	GlobalSection(ExtensibilityGlobals) = postSolution
		SolutionGuid = {8DAEF741-FF84-445D-BDCE-889809264CB6}
	EndGlobalSection
EndGlobal
