
Microsoft Visual Studio Solution File, Format Version 12.00
# Visual Studio Version 17
VisualStudioVersion = 17.14.36414.22
MinimumVisualStudioVersion = 10.0.40219.1
Project("{FAE04EC0-301F-11D3-BF4B-00C04F79EFBC}") = "E-Shop.Api", "E-Shop.Api\E-Shop.Api.csproj", "{6D961840-33F5-4319-A757-FE77D0EEB455}"
EndProject
Project("{FAE04EC0-301F-11D3-BF4B-00C04F79EFBC}") = "E-Shop.Application", "E-shop.Application\E-Shop.Application.csproj", "{0CD0D8C1-89B1-476B-A5F4-11A53DE00A30}"
EndProject
Project("{FAE04EC0-301F-11D3-BF4B-00C04F79EFBC}") = "E-Shop.Core", "E-shop.Core\E-Shop.Core.csproj", "{EF0F6541-7941-4DBA-8DB3-491F76325767}"
EndProject
Project("{FAE04EC0-301F-11D3-BF4B-00C04F79EFBC}") = "E-Shop.Infrastructure", "E-Shop.Infrastructure\E-Shop.Infrastructure.csproj", "{8AD207FF-33AA-46AC-80E2-233D2D85BF8C}"
EndProject
Project("{2150E333-8FDC-42A3-9474-1A3956D46DE8}") = "src", "src", "{02EA681E-C7D8-13C7-8484-4AC65E1B71E8}"
EndProject
Project("{2150E333-8FDC-42A3-9474-1A3956D46DE8}") = "test", "test", "{3C31C86D-AB61-461F-98E1-A99803A71408}"
EndProject
Project("{FAE04EC0-301F-11D3-BF4B-00C04F79EFBC}") = "E-Shop.ApplicationTests", "E-Shop.ApplicationTests\E-Shop.ApplicationTests.csproj", "{25980B48-79FD-4D61-AE95-3DC59B520B70}"
EndProject
Global
	GlobalSection(SolutionConfigurationPlatforms) = preSolution
		Debug|Any CPU = Debug|Any CPU
		Release|Any CPU = Release|Any CPU
	EndGlobalSection
	GlobalSection(ProjectConfigurationPlatforms) = postSolution
		{6D961840-33F5-4319-A757-FE77D0EEB455}.Debug|Any CPU.ActiveCfg = Debug|Any CPU
		{6D961840-33F5-4319-A757-FE77D0EEB455}.Debug|Any CPU.Build.0 = Debug|Any CPU
		{6D961840-33F5-4319-A757-FE77D0EEB455}.Release|Any CPU.ActiveCfg = Release|Any CPU
		{6D961840-33F5-4319-A757-FE77D0EEB455}.Release|Any CPU.Build.0 = Release|Any CPU
		{0CD0D8C1-89B1-476B-A5F4-11A53DE00A30}.Debug|Any CPU.ActiveCfg = Debug|Any CPU
		{0CD0D8C1-89B1-476B-A5F4-11A53DE00A30}.Debug|Any CPU.Build.0 = Debug|Any CPU
		{0CD0D8C1-89B1-476B-A5F4-11A53DE00A30}.Release|Any CPU.ActiveCfg = Release|Any CPU
		{0CD0D8C1-89B1-476B-A5F4-11A53DE00A30}.Release|Any CPU.Build.0 = Release|Any CPU
		{EF0F6541-7941-4DBA-8DB3-491F76325767}.Debug|Any CPU.ActiveCfg = Debug|Any CPU
		{EF0F6541-7941-4DBA-8DB3-491F76325767}.Debug|Any CPU.Build.0 = Debug|Any CPU
		{EF0F6541-7941-4DBA-8DB3-491F76325767}.Release|Any CPU.ActiveCfg = Release|Any CPU
		{EF0F6541-7941-4DBA-8DB3-491F76325767}.Release|Any CPU.Build.0 = Release|Any CPU
		{8AD207FF-33AA-46AC-80E2-233D2D85BF8C}.Debug|Any CPU.ActiveCfg = Debug|Any CPU
		{8AD207FF-33AA-46AC-80E2-233D2D85BF8C}.Debug|Any CPU.Build.0 = Debug|Any CPU
		{8AD207FF-33AA-46AC-80E2-233D2D85BF8C}.Release|Any CPU.ActiveCfg = Release|Any CPU
		{8AD207FF-33AA-46AC-80E2-233D2D85BF8C}.Release|Any CPU.Build.0 = Release|Any CPU
		{25980B48-79FD-4D61-AE95-3DC59B520B70}.Debug|Any CPU.ActiveCfg = Debug|Any CPU
		{25980B48-79FD-4D61-AE95-3DC59B520B70}.Debug|Any CPU.Build.0 = Debug|Any CPU
		{25980B48-79FD-4D61-AE95-3DC59B520B70}.Release|Any CPU.ActiveCfg = Release|Any CPU
		{25980B48-79FD-4D61-AE95-3DC59B520B70}.Release|Any CPU.Build.0 = Release|Any CPU
	EndGlobalSection
	GlobalSection(SolutionProperties) = preSolution
		HideSolutionNode = FALSE
	EndGlobalSection
	GlobalSection(NestedProjects) = preSolution
		{6D961840-33F5-4319-A757-FE77D0EEB455} = {02EA681E-C7D8-13C7-8484-4AC65E1B71E8}
		{0CD0D8C1-89B1-476B-A5F4-11A53DE00A30} = {02EA681E-C7D8-13C7-8484-4AC65E1B71E8}
		{EF0F6541-7941-4DBA-8DB3-491F76325767} = {02EA681E-C7D8-13C7-8484-4AC65E1B71E8}
		{8AD207FF-33AA-46AC-80E2-233D2D85BF8C} = {02EA681E-C7D8-13C7-8484-4AC65E1B71E8}
		{25980B48-79FD-4D61-AE95-3DC59B520B70} = {3C31C86D-AB61-461F-98E1-A99803A71408}
	EndGlobalSection
	GlobalSection(ExtensibilityGlobals) = postSolution
		SolutionGuid = {2E0468A1-965E-4017-97C2-35E66F649C80}
	EndGlobalSection
EndGlobal
